{
  "name": "TonyKingston.github.io",
  "lockfileVersion": 2,
  "requires": true,
  "packages": {
    "": {
      "dependencies": {
        "darkreader": "^4.9.46"
      }
    },
    "node_modules/darkreader": {
      "version": "4.9.46",
      "resolved": "https://registry.npmjs.org/darkreader/-/darkreader-4.9.46.tgz",
      "integrity": "sha512-K+MG74C8mGXvrsY47geAQdAbKU2mw8zVCa/WT4vtW3UDgzYCmthCcLnY0+FR3RQRMOyY2fULxqREZhfVQ346AA==",
      "funding": {
        "type": "opencollective",
        "url": "https://opencollective.com/darkreader/donate"
      }
    }
  },
  "dependencies": {
    "darkreader": {
      "version": "4.9.46",
      "resolved": "https://registry.npmjs.org/darkreader/-/darkreader-4.9.46.tgz",
      "integrity": "sha512-K+MG74C8mGXvrsY47geAQdAbKU2mw8zVCa/WT4vtW3UDgzYCmthCcLnY0+FR3RQRMOyY2fULxqREZhfVQ346AA=="
    }
  }
}
